Microsoft Visual Studio Solution File, Format Version 8.00
Project("{8BC9CEB8-8B4A-11D0-8D11-00A0C91BC942}") = "ScriptDev2", "VC71\71ScriptDev2.vcproj", "{4295C8A9-79B7-4354-8064-F05FB9CA0C96}"
EndProject
Global
	GlobalSection(SolutionConfiguration) = preSolution
		Debug = Debug
		Release = Release
	EndGlobalSection
	GlobalSection(ProjectConfiguration) = postSolution
		{4295C8A9-79B7-4354-8064-F05FB9CA0C96}.Debug.ActiveCfg = Debug|Win32
		{4295C8A9-79B7-4354-8064-F05FB9CA0C96}.Debug.Build.0 = Debug|Win32
		{4295C8A9-79B7-4354-8064-F05FB9CA0C96}.Release.ActiveCfg = Release|Win32
		{4295C8A9-79B7-4354-8064-F05FB9CA0C96}.Release.Build.0 = Release|Win32
	EndGlobalSection
	GlobalSection(ExtensibilityGlobals) = postSolution
	EndGlobalSection
	GlobalSection(ExtensibilityAddIns) = postSolution
	EndGlobalSection
	GlobalSection(SolutionConfigurationPlatforms) = preSolution
		Debug|Win32 = Debug|Win32
		Release|Win32 = Release|Win32
	EndGlobalSection
	GlobalSection(ProjectConfigurationPlatforms) = postSolution
		{4205C8A9-79B7-4354-8064-F05FB9CA0C96}.Debug|Win32.ActiveCfg = Debug|Win32
		{4205C8A9-79B7-4354-8064-F05FB9CA0C96}.Debug|Win32.Build.0 = Debug|Win32
		{4205C8A9-79B7-4354-8064-F05FB9CA0C96}.Release|Win32.ActiveCfg = Release|Win32
		{4205C8A9-79B7-4354-8064-F05FB9CA0C96}.Release|Win32.Build.0 = Release|Win32
	EndGlobalSection
	GlobalSection(SolutionProperties) = preSolution
		HideSolutionNode = FALSE
	EndGlobalSection
EndGlobal
